
Microsoft Visual Studio Solution File, Format Version 12.00
# Visual Studio Version 17
VisualStudioVersion = 17.4.33103.184
MinimumVisualStudioVersion = 10.0.40219.1
Project("{FAE04EC0-301F-11D3-BF4B-00C04F79EFBC}") = "QUESTAO 02", "QUESTAO 02\QUESTAO 02.csproj", "{9903FDA9-F10C-4C30-8FA8-5F72A42E79C4}"
EndProject
Project("{FAE04EC0-301F-11D3-BF4B-00C04F79EFBC}") = "QUESTAO 03", "QUESTAO 03\QUESTAO 03.csproj", "{0288C4D2-A3A8-41AC-9B60-AE1592172319}"
EndProject
Project("{FAE04EC0-301F-11D3-BF4B-00C04F79EFBC}") = "QUESTAO 04", "QUESTAO 04\QUESTAO 04.csproj", "{EE55D760-B382-45BB-986A-7CF1DB1B4E57}"
EndProject
Project("{FAE04EC0-301F-11D3-BF4B-00C04F79EFBC}") = "QUESTAO 01", "QUESTAO 01\QUESTAO 01.csproj", "{EE190DEF-56DC-47CE-9F07-CDCC65D37EEB}"
EndProject
Project("{FAE04EC0-301F-11D3-BF4B-00C04F79EFBC}") = "QUESTAO 05", "QUESTAO 05\QUESTAO 05.csproj", "{08F65704-92F5-48D4-A6D2-37CFCC4B256B}"
EndProject
Project("{FAE04EC0-301F-11D3-BF4B-00C04F79EFBC}") = "QUESTAO 06", "QUESTAO 06\QUESTAO 06.csproj", "{007BB2C5-AF2C-4A24-8626-0EC955561B5D}"
EndProject
Project("{FAE04EC0-301F-11D3-BF4B-00C04F79EFBC}") = "QUESTAO 07", "QUESTAO 07\QUESTAO 07.csproj", "{01EF5952-A5DA-426A-8345-12AEE095AC3B}"
EndProject
Project("{FAE04EC0-301F-11D3-BF4B-00C04F79EFBC}") = "QUESTAO 09", "QUESTAO 09\QUESTAO 09.csproj", "{0F53E3A0-5875-4353-89DB-568D82182F40}"
EndProject
Project("{FAE04EC0-301F-11D3-BF4B-00C04F79EFBC}") = "QUESTAO 10", "QUESTAO 10\QUESTAO 10.csproj", "{06D3E955-6969-48DE-87B2-4C3CB5D3BE80}"
EndProject
Project("{FAE04EC0-301F-11D3-BF4B-00C04F79EFBC}") = "QUESTAO 08", "QUESTAO 08\QUESTAO 08.csproj", "{1AD976B5-90C5-4947-92C1-9DCE6E20AF3A}"
EndProject
Project("{FAE04EC0-301F-11D3-BF4B-00C04F79EFBC}") = "QUESTAO 11", "QUESTAO 11\QUESTAO 11.csproj", "{7C9C9C3F-7522-4529-990C-5A06BE49F728}"
EndProject
Project("{FAE04EC0-301F-11D3-BF4B-00C04F79EFBC}") = "QUESTAO 12", "QUESTAO 12\QUESTAO 12.csproj", "{3D3EB684-5314-479F-AB1A-C4913A5E27BD}"
EndProject
Global
	GlobalSection(SolutionConfigurationPlatforms) = preSolution
		Debug|Any CPU = Debug|Any CPU
		Release|Any CPU = Release|Any CPU
	EndGlobalSection
	GlobalSection(ProjectConfigurationPlatforms) = postSolution
		{9903FDA9-F10C-4C30-8FA8-5F72A42E79C4}.Debug|Any CPU.ActiveCfg = Debug|Any CPU
		{9903FDA9-F10C-4C30-8FA8-5F72A42E79C4}.Debug|Any CPU.Build.0 = Debug|Any CPU
		{9903FDA9-F10C-4C30-8FA8-5F72A42E79C4}.Release|Any CPU.ActiveCfg = Release|Any CPU
		{9903FDA9-F10C-4C30-8FA8-5F72A42E79C4}.Release|Any CPU.Build.0 = Release|Any CPU
		{0288C4D2-A3A8-41AC-9B60-AE1592172319}.Debug|Any CPU.ActiveCfg = Debug|Any CPU
		{0288C4D2-A3A8-41AC-9B60-AE1592172319}.Debug|Any CPU.Build.0 = Debug|Any CPU
		{0288C4D2-A3A8-41AC-9B60-AE1592172319}.Release|Any CPU.ActiveCfg = Release|Any CPU
		{0288C4D2-A3A8-41AC-9B60-AE1592172319}.Release|Any CPU.Build.0 = Release|Any CPU
		{EE55D760-B382-45BB-986A-7CF1DB1B4E57}.Debug|Any CPU.ActiveCfg = Debug|Any CPU
		{EE55D760-B382-45BB-986A-7CF1DB1B4E57}.Debug|Any CPU.Build.0 = Debug|Any CPU
		{EE55D760-B382-45BB-986A-7CF1DB1B4E57}.Release|Any CPU.ActiveCfg = Release|Any CPU
		{EE55D760-B382-45BB-986A-7CF1DB1B4E57}.Release|Any CPU.Build.0 = Release|Any CPU
		{EE190DEF-56DC-47CE-9F07-CDCC65D37EEB}.Debug|Any CPU.ActiveCfg = Debug|Any CPU
		{EE190DEF-56DC-47CE-9F07-CDCC65D37EEB}.Debug|Any CPU.Build.0 = Debug|Any CPU
		{EE190DEF-56DC-47CE-9F07-CDCC65D37EEB}.Release|Any CPU.ActiveCfg = Release|Any CPU
		{EE190DEF-56DC-47CE-9F07-CDCC65D37EEB}.Release|Any CPU.Build.0 = Release|Any CPU
		{08F65704-92F5-48D4-A6D2-37CFCC4B256B}.Debug|Any CPU.ActiveCfg = Debug|Any CPU
		{08F65704-92F5-48D4-A6D2-37CFCC4B256B}.Debug|Any CPU.Build.0 = Debug|Any CPU
		{08F65704-92F5-48D4-A6D2-37CFCC4B256B}.Release|Any CPU.ActiveCfg = Release|Any CPU
		{08F65704-92F5-48D4-A6D2-37CFCC4B256B}.Release|Any CPU.Build.0 = Release|Any CPU
		{007BB2C5-AF2C-4A24-8626-0EC955561B5D}.Debug|Any CPU.ActiveCfg = Debug|Any CPU
		{007BB2C5-AF2C-4A24-8626-0EC955561B5D}.Debug|Any CPU.Build.0 = Debug|Any CPU
		{007BB2C5-AF2C-4A24-8626-0EC955561B5D}.Release|Any CPU.ActiveCfg = Release|Any CPU
		{007BB2C5-AF2C-4A24-8626-0EC955561B5D}.Release|Any CPU.Build.0 = Release|Any CPU
		{01EF5952-A5DA-426A-8345-12AEE095AC3B}.Debug|Any CPU.ActiveCfg = Debug|Any CPU
		{01EF5952-A5DA-426A-8345-12AEE095AC3B}.Debug|Any CPU.Build.0 = Debug|Any CPU
		{01EF5952-A5DA-426A-8345-12AEE095AC3B}.Release|Any CPU.ActiveCfg = Release|Any CPU
		{01EF5952-A5DA-426A-8345-12AEE095AC3B}.Release|Any CPU.Build.0 = Release|Any CPU
		{0F53E3A0-5875-4353-89DB-568D82182F40}.Debug|Any CPU.ActiveCfg = Debug|Any CPU
		{0F53E3A0-5875-4353-89DB-568D82182F40}.Debug|Any CPU.Build.0 = Debug|Any CPU
		{0F53E3A0-5875-4353-89DB-568D82182F40}.Release|Any CPU.ActiveCfg = Release|Any CPU
		{0F53E3A0-5875-4353-89DB-568D82182F40}.Release|Any CPU.Build.0 = Release|Any CPU
		{06D3E955-6969-48DE-87B2-4C3CB5D3BE80}.Debug|Any CPU.ActiveCfg = Debug|Any CPU
		{06D3E955-6969-48DE-87B2-4C3CB5D3BE80}.Debug|Any CPU.Build.0 = Debug|Any CPU
		{06D3E955-6969-48DE-87B2-4C3CB5D3BE80}.Release|Any CPU.ActiveCfg = Release|Any CPU
		{06D3E955-6969-48DE-87B2-4C3CB5D3BE80}.Release|Any CPU.Build.0 = Release|Any CPU
		{1AD976B5-90C5-4947-92C1-9DCE6E20AF3A}.Debug|Any CPU.ActiveCfg = Debug|Any CPU
		{1AD976B5-90C5-4947-92C1-9DCE6E20AF3A}.Debug|Any CPU.Build.0 = Debug|Any CPU
		{1AD976B5-90C5-4947-92C1-9DCE6E20AF3A}.Release|Any CPU.ActiveCfg = Release|Any CPU
		{1AD976B5-90C5-4947-92C1-9DCE6E20AF3A}.Release|Any CPU.Build.0 = Release|Any CPU
		{7C9C9C3F-7522-4529-990C-5A06BE49F728}.Debug|Any CPU.ActiveCfg = Debug|Any CPU
		{7C9C9C3F-7522-4529-990C-5A06BE49F728}.Debug|Any CPU.Build.0 = Debug|Any CPU
		{7C9C9C3F-7522-4529-990C-5A06BE49F728}.Release|Any CPU.ActiveCfg = Release|Any CPU
		{7C9C9C3F-7522-4529-990C-5A06BE49F728}.Release|Any CPU.Build.0 = Release|Any CPU
		{3D3EB684-5314-479F-AB1A-C4913A5E27BD}.Debug|Any CPU.ActiveCfg = Debug|Any CPU
		{3D3EB684-5314-479F-AB1A-C4913A5E27BD}.Debug|Any CPU.Build.0 = Debug|Any CPU
		{3D3EB684-5314-479F-AB1A-C4913A5E27BD}.Release|Any CPU.ActiveCfg = Release|Any CPU
		{3D3EB684-5314-479F-AB1A-C4913A5E27BD}.Release|Any CPU.Build.0 = Release|Any CPU
	EndGlobalSection
	GlobalSection(SolutionProperties) = preSolution
		HideSolutionNode = FALSE
	EndGlobalSection
	GlobalSection(ExtensibilityGlobals) = postSolution
		SolutionGuid = {4D2EC678-446C-435F-A2EE-11C879DD2905}
	EndGlobalSection
EndGlobal
